
Microsoft Visual Studio Solution File, Format Version 12.00
Project("{2150E333-8FDC-42A3-9474-1A3956D46DE8}") = "src", "src", "{A62ECBB8-64EB-444B-956C-E6A5E336BC2B}"
EndProject
Project("{FAE04EC0-301F-11D3-BF4B-00C04F79EFBC}") = "PackIT.Api", "src\PackIT.Api\PackIT.Api.csproj", "{F21BCB44-ABBB-4CBE-8306-399C56E745B8}"
EndProject
Project("{FAE04EC0-301F-11D3-BF4B-00C04F79EFBC}") = "PackIT.Application", "src\PackIT.Application\PackIT.Application.csproj", "{1055E17D-43FE-4D58-8AA4-1BAACAF507D2}"
EndProject
Project("{FAE04EC0-301F-11D3-BF4B-00C04F79EFBC}") = "PackIT.Domain", "src\PackIT.Domain\PackIT.Domain.csproj", "{4166E55C-6C9A-498E-8078-9AC473D315A8}"
EndProject
Project("{FAE04EC0-301F-11D3-BF4B-00C04F79EFBC}") = "PackIT.Infrastructure", "src\PackIT.Infrastructure\PackIT.Infrastructure.csproj", "{2F9BB42B-198B-4B7C-B994-6D6DE071C1F2}"
EndProject
Project("{2150E333-8FDC-42A3-9474-1A3956D46DE8}") = "Shared", "Shared", "{4AD46855-143A-470B-93E3-E91EC2DDB731}"
EndProject
Project("{FAE04EC0-301F-11D3-BF4B-00C04F79EFBC}") = "PackIT.Shared", "src\Shared\PackIT.Shared\PackIT.Shared.csproj", "{C839F15E-1579-4427-B3DF-AD5E76CE049A}"
EndProject
Project("{FAE04EC0-301F-11D3-BF4B-00C04F79EFBC}") = "PackIT.Shared.Abstractions", "src\Shared\PackIT.Shared.Abstractions\PackIT.Shared.Abstractions.csproj", "{70022026-5B2C-40E5-9B4C-C90B4DE46C4B}"
EndProject
Global
	GlobalSection(SolutionConfigurationPlatforms) = preSolution
		Debug|Any CPU = Debug|Any CPU
		Release|Any CPU = Release|Any CPU
	EndGlobalSection
	GlobalSection(NestedProjects) = preSolution
		{F21BCB44-ABBB-4CBE-8306-399C56E745B8} = {A62ECBB8-64EB-444B-956C-E6A5E336BC2B}
		{1055E17D-43FE-4D58-8AA4-1BAACAF507D2} = {A62ECBB8-64EB-444B-956C-E6A5E336BC2B}
		{4166E55C-6C9A-498E-8078-9AC473D315A8} = {A62ECBB8-64EB-444B-956C-E6A5E336BC2B}
		{2F9BB42B-198B-4B7C-B994-6D6DE071C1F2} = {A62ECBB8-64EB-444B-956C-E6A5E336BC2B}
		{4AD46855-143A-470B-93E3-E91EC2DDB731} = {A62ECBB8-64EB-444B-956C-E6A5E336BC2B}
		{C839F15E-1579-4427-B3DF-AD5E76CE049A} = {4AD46855-143A-470B-93E3-E91EC2DDB731}
		{70022026-5B2C-40E5-9B4C-C90B4DE46C4B} = {4AD46855-143A-470B-93E3-E91EC2DDB731}
	EndGlobalSection
	GlobalSection(ProjectConfigurationPlatforms) = postSolution
		{F21BCB44-ABBB-4CBE-8306-399C56E745B8}.Debug|Any CPU.ActiveCfg = Debug|Any CPU
		{F21BCB44-ABBB-4CBE-8306-399C56E745B8}.Debug|Any CPU.Build.0 = Debug|Any CPU
		{F21BCB44-ABBB-4CBE-8306-399C56E745B8}.Release|Any CPU.ActiveCfg = Release|Any CPU
		{F21BCB44-ABBB-4CBE-8306-399C56E745B8}.Release|Any CPU.Build.0 = Release|Any CPU
		{1055E17D-43FE-4D58-8AA4-1BAACAF507D2}.Debug|Any CPU.ActiveCfg = Debug|Any CPU
		{1055E17D-43FE-4D58-8AA4-1BAACAF507D2}.Debug|Any CPU.Build.0 = Debug|Any CPU
		{1055E17D-43FE-4D58-8AA4-1BAACAF507D2}.Release|Any CPU.ActiveCfg = Release|Any CPU
		{1055E17D-43FE-4D58-8AA4-1BAACAF507D2}.Release|Any CPU.Build.0 = Release|Any CPU
		{4166E55C-6C9A-498E-8078-9AC473D315A8}.Debug|Any CPU.ActiveCfg = Debug|Any CPU
		{4166E55C-6C9A-498E-8078-9AC473D315A8}.Debug|Any CPU.Build.0 = Debug|Any CPU
		{4166E55C-6C9A-498E-8078-9AC473D315A8}.Release|Any CPU.ActiveCfg = Release|Any CPU
		{4166E55C-6C9A-498E-8078-9AC473D315A8}.Release|Any CPU.Build.0 = Release|Any CPU
		{2F9BB42B-198B-4B7C-B994-6D6DE071C1F2}.Debug|Any CPU.ActiveCfg = Debug|Any CPU
		{2F9BB42B-198B-4B7C-B994-6D6DE071C1F2}.Debug|Any CPU.Build.0 = Debug|Any CPU
		{2F9BB42B-198B-4B7C-B994-6D6DE071C1F2}.Release|Any CPU.ActiveCfg = Release|Any CPU
		{2F9BB42B-198B-4B7C-B994-6D6DE071C1F2}.Release|Any CPU.Build.0 = Release|Any CPU
		{C839F15E-1579-4427-B3DF-AD5E76CE049A}.Debug|Any CPU.ActiveCfg = Debug|Any CPU
		{C839F15E-1579-4427-B3DF-AD5E76CE049A}.Debug|Any CPU.Build.0 = Debug|Any CPU
		{C839F15E-1579-4427-B3DF-AD5E76CE049A}.Release|Any CPU.ActiveCfg = Release|Any CPU
		{C839F15E-1579-4427-B3DF-AD5E76CE049A}.Release|Any CPU.Build.0 = Release|Any CPU
		{70022026-5B2C-40E5-9B4C-C90B4DE46C4B}.Debug|Any CPU.ActiveCfg = Debug|Any CPU
		{70022026-5B2C-40E5-9B4C-C90B4DE46C4B}.Debug|Any CPU.Build.0 = Debug|Any CPU
		{70022026-5B2C-40E5-9B4C-C90B4DE46C4B}.Release|Any CPU.ActiveCfg = Release|Any CPU
		{70022026-5B2C-40E5-9B4C-C90B4DE46C4B}.Release|Any CPU.Build.0 = Release|Any CPU
	EndGlobalSection
EndGlobal
